
Microsoft Visual Studio Solution File, Format Version 12.00
# Visual Studio Version 16
VisualStudioVersion = 16.0.32407.337
MinimumVisualStudioVersion = 10.0.40219.1
Project("{FAE04EC0-301F-11D3-BF4B-00C04F79EFBC}") = "SakutinCSLight", "SakutinCSLight\SakutinCSLight.csproj", "{C345773F-244E-4791-B5C9-E95E40538FB2}"
EndProject
Global
	GlobalSection(SolutionConfigurationPlatforms) = preSolution
		Debug|Any CPU = Debug|Any CPU
		Release|Any CPU = Release|Any CPU
	EndGlobalSection
	GlobalSection(ProjectConfigurationPlatforms) = postSolution
		{C345773F-244E-4791-B5C9-E95E40538FB2}.Debug|Any CPU.ActiveCfg = Debug|Any CPU
		{C345773F-244E-4791-B5C9-E95E40538FB2}.Debug|Any CPU.Build.0 = Debug|Any CPU
		{C345773F-244E-4791-B5C9-E95E40538FB2}.Release|Any CPU.ActiveCfg = Release|Any CPU
		{C345773F-244E-4791-B5C9-E95E40538FB2}.Release|Any CPU.Build.0 = Release|Any CPU
	EndGlobalSection
	GlobalSection(SolutionProperties) = preSolution
		HideSolutionNode = FALSE
	EndGlobalSection
	GlobalSection(ExtensibilityGlobals) = postSolution
		SolutionGuid = {51216E6F-BA26-43FC-BF0A-E015207E93B4}
	EndGlobalSection
EndGlobal
